
Microsoft Visual Studio Solution File, Format Version 12.00
# Visual Studio Version 17
VisualStudioVersion = 17.1.32414.318
MinimumVisualStudioVersion = 10.0.40219.1
Project("{8BC9CEB8-8B4A-11D0-8D11-00A0C91BC942}") = "Phobos", "Phobos.vcxproj", "{3FAF7126-F38C-4D1E-9973-C21A37870F60}"
EndProject
Project("{8BC9CEB8-8B4A-11D0-8D11-00A0C91BC942}") = "LuaProj", "src\Lib\LuaProj\LuaProj.vcxproj", "{C7E3C7D9-A597-4E53-B214-DD4AC62C237A}"
EndProject
Global
	GlobalSection(SolutionConfigurationPlatforms) = preSolution
		Build|Any CPU = Build|Any CPU
		Build|x64 = Build|x64
		Build|x86 = Build|x86
		Debug|Any CPU = Debug|Any CPU
		Debug|x64 = Debug|x64
		Debug|x86 = Debug|x86
		DisableDPFeatures|Any CPU = DisableDPFeatures|Any CPU
		DisableDPFeatures|x64 = DisableDPFeatures|x64
		DisableDPFeatures|x86 = DisableDPFeatures|x86
		Release|Any CPU = Release|Any CPU
		Release|x64 = Release|x64
		Release|x86 = Release|x86
	EndGlobalSection
	GlobalSection(ProjectConfigurationPlatforms) = postSolution
		{3FAF7126-F38C-4D1E-9973-C21A37870F60}.Build|Any CPU.ActiveCfg = Build|Win32
		{3FAF7126-F38C-4D1E-9973-C21A37870F60}.Build|Any CPU.Build.0 = Build|Win32
		{3FAF7126-F38C-4D1E-9973-C21A37870F60}.Build|x64.ActiveCfg = Build|Win32
		{3FAF7126-F38C-4D1E-9973-C21A37870F60}.Build|x64.Build.0 = Build|Win32
		{3FAF7126-F38C-4D1E-9973-C21A37870F60}.Build|x86.ActiveCfg = Build|Win32
		{3FAF7126-F38C-4D1E-9973-C21A37870F60}.Build|x86.Build.0 = Build|Win32
		{3FAF7126-F38C-4D1E-9973-C21A37870F60}.Debug|Any CPU.ActiveCfg = DisableDPFeatures|Win32
		{3FAF7126-F38C-4D1E-9973-C21A37870F60}.Debug|Any CPU.Build.0 = DisableDPFeatures|Win32
		{3FAF7126-F38C-4D1E-9973-C21A37870F60}.Debug|x64.ActiveCfg = DisableDPFeatures|Win32
		{3FAF7126-F38C-4D1E-9973-C21A37870F60}.Debug|x64.Build.0 = DisableDPFeatures|Win32
		{3FAF7126-F38C-4D1E-9973-C21A37870F60}.Debug|x86.ActiveCfg = DisableDPFeatures|Win32
		{3FAF7126-F38C-4D1E-9973-C21A37870F60}.Debug|x86.Build.0 = DisableDPFeatures|Win32
		{3FAF7126-F38C-4D1E-9973-C21A37870F60}.DisableDPFeatures|Any CPU.ActiveCfg = DisableDPFeatures|Win32
		{3FAF7126-F38C-4D1E-9973-C21A37870F60}.DisableDPFeatures|Any CPU.Build.0 = DisableDPFeatures|Win32
		{3FAF7126-F38C-4D1E-9973-C21A37870F60}.DisableDPFeatures|x64.ActiveCfg = DisableDPFeatures|Win32
		{3FAF7126-F38C-4D1E-9973-C21A37870F60}.DisableDPFeatures|x64.Build.0 = DisableDPFeatures|Win32
		{3FAF7126-F38C-4D1E-9973-C21A37870F60}.DisableDPFeatures|x86.ActiveCfg = DisableDPFeatures|Win32
		{3FAF7126-F38C-4D1E-9973-C21A37870F60}.DisableDPFeatures|x86.Build.0 = DisableDPFeatures|Win32
		{3FAF7126-F38C-4D1E-9973-C21A37870F60}.Release|Any CPU.ActiveCfg = DisableDPFeatures|Win32
		{3FAF7126-F38C-4D1E-9973-C21A37870F60}.Release|Any CPU.Build.0 = DisableDPFeatures|Win32
		{3FAF7126-F38C-4D1E-9973-C21A37870F60}.Release|x64.ActiveCfg = DisableDPFeatures|Win32
		{3FAF7126-F38C-4D1E-9973-C21A37870F60}.Release|x64.Build.0 = DisableDPFeatures|Win32
		{3FAF7126-F38C-4D1E-9973-C21A37870F60}.Release|x86.ActiveCfg = Build|Win32
		{3FAF7126-F38C-4D1E-9973-C21A37870F60}.Release|x86.Build.0 = Build|Win32
		{C7E3C7D9-A597-4E53-B214-DD4AC62C237A}.Build|Any CPU.ActiveCfg = Debug|x64
		{C7E3C7D9-A597-4E53-B214-DD4AC62C237A}.Build|Any CPU.Build.0 = Debug|x64
		{C7E3C7D9-A597-4E53-B214-DD4AC62C237A}.Build|x64.ActiveCfg = Debug|x64
		{C7E3C7D9-A597-4E53-B214-DD4AC62C237A}.Build|x64.Build.0 = Debug|x64
		{C7E3C7D9-A597-4E53-B214-DD4AC62C237A}.Build|x86.ActiveCfg = Release|Win32
		{C7E3C7D9-A597-4E53-B214-DD4AC62C237A}.Build|x86.Build.0 = Release|Win32
		{C7E3C7D9-A597-4E53-B214-DD4AC62C237A}.Debug|Any CPU.ActiveCfg = Debug|x64
		{C7E3C7D9-A597-4E53-B214-DD4AC62C237A}.Debug|Any CPU.Build.0 = Debug|x64
		{C7E3C7D9-A597-4E53-B214-DD4AC62C237A}.Debug|x64.ActiveCfg = Debug|x64
		{C7E3C7D9-A597-4E53-B214-DD4AC62C237A}.Debug|x64.Build.0 = Debug|x64
		{C7E3C7D9-A597-4E53-B214-DD4AC62C237A}.Debug|x86.ActiveCfg = Debug|Win32
		{C7E3C7D9-A597-4E53-B214-DD4AC62C237A}.Debug|x86.Build.0 = Debug|Win32
		{C7E3C7D9-A597-4E53-B214-DD4AC62C237A}.DisableDPFeatures|Any CPU.ActiveCfg = Debug|x64
		{C7E3C7D9-A597-4E53-B214-DD4AC62C237A}.DisableDPFeatures|Any CPU.Build.0 = Debug|x64
		{C7E3C7D9-A597-4E53-B214-DD4AC62C237A}.DisableDPFeatures|x64.ActiveCfg = Debug|x64
		{C7E3C7D9-A597-4E53-B214-DD4AC62C237A}.DisableDPFeatures|x64.Build.0 = Debug|x64
		{C7E3C7D9-A597-4E53-B214-DD4AC62C237A}.DisableDPFeatures|x86.ActiveCfg = Debug|Win32
		{C7E3C7D9-A597-4E53-B214-DD4AC62C237A}.DisableDPFeatures|x86.Build.0 = Debug|Win32
		{C7E3C7D9-A597-4E53-B214-DD4AC62C237A}.Release|Any CPU.ActiveCfg = Release|x64
		{C7E3C7D9-A597-4E53-B214-DD4AC62C237A}.Release|Any CPU.Build.0 = Release|x64
		{C7E3C7D9-A597-4E53-B214-DD4AC62C237A}.Release|x64.ActiveCfg = Release|x64
		{C7E3C7D9-A597-4E53-B214-DD4AC62C237A}.Release|x64.Build.0 = Release|x64
		{C7E3C7D9-A597-4E53-B214-DD4AC62C237A}.Release|x86.ActiveCfg = Release|Win32
		{C7E3C7D9-A597-4E53-B214-DD4AC62C237A}.Release|x86.Build.0 = Release|Win32
	EndGlobalSection
	GlobalSection(SolutionProperties) = preSolution
		HideSolutionNode = FALSE
	EndGlobalSection
	GlobalSection(ExtensibilityGlobals) = postSolution
		SolutionGuid = {6CFF9E33-BCA4-46D8-A824-72F4C3242D5A}
	EndGlobalSection
EndGlobal
