<?xml version="1.0" encoding="utf-8"?>
<Project ToolsVersion="4.0" xmlns="http://schemas.microsoft.com/developer/msbuild/2003">
  <ItemGroup>
    <Filter Include="Source Files">
      <UniqueIdentifier>{4FC737F1-C7A5-4376-A066-2A32D752A2FF}</UniqueIdentifier>
      <Extensions>cpp;c;cc;cxx;c++;cppm;ixx;def;odl;idl;hpj;bat;asm;asmx</Extensions>
    </Filter>
    <Filter Include="Header Files">
      <UniqueIdentifier>{93995380-89BD-4b04-88EB-625FBE52EBFB}</UniqueIdentifier>
      <Extensions>h;hh;hpp;hxx;h++;hm;inl;inc;ipp;xsd</Extensions>
    </Filter>
    <Filter Include="Resource Files">
      <UniqueIdentifier>{67DA6AB6-F800-4c08-8B7A-83BB121AAD01}</UniqueIdentifier>
      <Extensions>rc;ico;cur;bmp;dlg;rc2;rct;bin;rgs;gif;jpg;jpeg;jpe;resx;tiff;tif;png;wav;mfcribbon-ms</Extensions>
    </Filter>
  </ItemGroup>
  <ItemGroup>
    <ClCompile Include="YRppProj.cpp">
      <Filter>Source Files</Filter>
    </ClCompile>
  </ItemGroup>
  <ItemGroup>
    <MASM Include="yrpp_defs.asm">
      <Filter>Source Files</Filter>
    </MASM>
  </ItemGroup>
  <ItemGroup>
    <ClInclude Include="src\Base\Always.h">
      <Filter>Header Files</Filter>
    </ClInclude>
    <ClInclude Include="src\Blitters\BlitPlainXlat.h">
      <Filter>Header Files</Filter>
    </ClInclude>
    <ClInclude Include="src\Blitters\BlitPlainXlatAlpha.h">
      <Filter>Header Files</Filter>
    </ClInclude>
    <ClInclude Include="src\Blitters\BlitPlainXlatZRead.h">
      <Filter>Header Files</Filter>
    </ClInclude>
    <ClInclude Include="src\Blitters\BlitPlainXlatZReadWrite.h">
      <Filter>Header Files</Filter>
    </ClInclude>
    <ClInclude Include="src\Blitters\Blitter.h">
      <Filter>Header Files</Filter>
    </ClInclude>
    <ClInclude Include="src\Blitters\BlitTransDarken.h">
      <Filter>Header Files</Filter>
    </ClInclude>
    <ClInclude Include="src\Blitters\BlitTransDarkenZRead.h">
      <Filter>Header Files</Filter>
    </ClInclude>
    <ClInclude Include="src\Blitters\BlitTransDarkenZReadWrite.h">
      <Filter>Header Files</Filter>
    </ClInclude>
    <ClInclude Include="src\Blitters\BlitTransLucent25.h">
      <Filter>Header Files</Filter>
    </ClInclude>
    <ClInclude Include="src\Blitters\BlitTransLucent25Alpha.h">
      <Filter>Header Files</Filter>
    </ClInclude>
    <ClInclude Include="src\Blitters\BlitTransLucent25AlphaZRead.h">
      <Filter>Header Files</Filter>
    </ClInclude>
    <ClInclude Include="src\Blitters\BlitTransLucent25AlphaZReadWarp.h">
      <Filter>Header Files</Filter>
    </ClInclude>
    <ClInclude Include="src\Blitters\BlitTransLucent25AlphaZReadWrite.h">
      <Filter>Header Files</Filter>
    </ClInclude>
    <ClInclude Include="src\Blitters\BlitTransLucent25ZRead.h">
      <Filter>Header Files</Filter>
    </ClInclude>
    <ClInclude Include="src\Blitters\BlitTransLucent25ZReadWarp.h">
      <Filter>Header Files</Filter>
    </ClInclude>
    <ClInclude Include="src\Blitters\BlitTransLucent25ZReadWrite.h">
      <Filter>Header Files</Filter>
    </ClInclude>
    <ClInclude Include="src\Blitters\BlitTransLucent50.h">
      <Filter>Header Files</Filter>
    </ClInclude>
    <ClInclude Include="src\Blitters\BlitTransLucent50Alpha.h">
      <Filter>Header Files</Filter>
    </ClInclude>
    <ClInclude Include="src\Blitters\BlitTransLucent50AlphaZRead.h">
      <Filter>Header Files</Filter>
    </ClInclude>
    <ClInclude Include="src\Blitters\BlitTransLucent50AlphaZReadWarp.h">
      <Filter>Header Files</Filter>
    </ClInclude>
    <ClInclude Include="src\Blitters\BlitTransLucent50AlphaZReadWrite.h">
      <Filter>Header Files</Filter>
    </ClInclude>
    <ClInclude Include="src\Blitters\BlitTranslucent50NonzeroAlpha.h">
      <Filter>Header Files</Filter>
    </ClInclude>
    <ClInclude Include="src\Blitters\BlitTranslucent50ZeroAlpha.h">
      <Filter>Header Files</Filter>
    </ClInclude>
    <ClInclude Include="src\Blitters\BlitTransLucent50ZRead.h">
      <Filter>Header Files</Filter>
    </ClInclude>
    <ClInclude Include="src\Blitters\BlitTransLucent50ZReadWarp.h">
      <Filter>Header Files</Filter>
    </ClInclude>
    <ClInclude Include="src\Blitters\BlitTransLucent50ZReadWrite.h">
      <Filter>Header Files</Filter>
    </ClInclude>
    <ClInclude Include="src\Blitters\BlitTransLucent75.h">
      <Filter>Header Files</Filter>
    </ClInclude>
    <ClInclude Include="src\Blitters\BlitTransLucent75Alpha.h">
      <Filter>Header Files</Filter>
    </ClInclude>
    <ClInclude Include="src\Blitters\BlitTransLucent75AlphaZRead.h">
      <Filter>Header Files</Filter>
    </ClInclude>
    <ClInclude Include="src\Blitters\BlitTransLucent75AlphaZReadWarp.h">
      <Filter>Header Files</Filter>
    </ClInclude>
    <ClInclude Include="src\Blitters\BlitTransLucent75AlphaZReadWrite.h">
      <Filter>Header Files</Filter>
    </ClInclude>
    <ClInclude Include="src\Blitters\BlitTransLucent75ZRead.h">
      <Filter>Header Files</Filter>
    </ClInclude>
    <ClInclude Include="src\Blitters\BlitTransLucent75ZReadWarp.h">
      <Filter>Header Files</Filter>
    </ClInclude>
    <ClInclude Include="src\Blitters\BlitTransLucent75ZReadWrite.h">
      <Filter>Header Files</Filter>
    </ClInclude>
    <ClInclude Include="src\Blitters\BlitTranslucentWriteAlpha.h">
      <Filter>Header Files</Filter>
    </ClInclude>
    <ClInclude Include="src\Blitters\BlitTransRemapDest.h">
      <Filter>Header Files</Filter>
    </ClInclude>
    <ClInclude Include="src\Blitters\BlitTransRemapXlat.h">
      <Filter>Header Files</Filter>
    </ClInclude>
    <ClInclude Include="src\Blitters\BlitTransXlat.h">
      <Filter>Header Files</Filter>
    </ClInclude>
    <ClInclude Include="src\Blitters\BlitTransXlatAlpha.h">
      <Filter>Header Files</Filter>
    </ClInclude>
    <ClInclude Include="src\Blitters\BlitTransXlatAlphaZRead.h">
      <Filter>Header Files</Filter>
    </ClInclude>
    <ClInclude Include="src\Blitters\BlitTransXlatAlphaZReadWrite.h">
      <Filter>Header Files</Filter>
    </ClInclude>
    <ClInclude Include="src\Blitters\BlitTransXlatMultWriteAlpha.h">
      <Filter>Header Files</Filter>
    </ClInclude>
    <ClInclude Include="src\Blitters\BlitTransXlatWriteAlpha.h">
      <Filter>Header Files</Filter>
    </ClInclude>
    <ClInclude Include="src\Blitters\BlitTransXlatZRead.h">
      <Filter>Header Files</Filter>
    </ClInclude>
    <ClInclude Include="src\Blitters\BlitTransXlatZReadWrite.h">
      <Filter>Header Files</Filter>
    </ClInclude>
    <ClInclude Include="src\Blitters\BlitTransZRemapXlat.h">
      <Filter>Header Files</Filter>
    </ClInclude>
    <ClInclude Include="src\Blitters\BlitTransZRemapXlatAlpha.h">
      <Filter>Header Files</Filter>
    </ClInclude>
    <ClInclude Include="src\Blitters\BlitTransZRemapXlatAlphaZRead.h">
      <Filter>Header Files</Filter>
    </ClInclude>
    <ClInclude Include="src\Blitters\BlitTransZRemapXlatAlphaZReadWrite.h">
      <Filter>Header Files</Filter>
    </ClInclude>
    <ClInclude Include="src\Blitters\BlitTransZRemapXlatZRead.h">
      <Filter>Header Files</Filter>
    </ClInclude>
    <ClInclude Include="src\Blitters\BlitTransZRemapXlatZReadWrite.h">
      <Filter>Header Files</Filter>
    </ClInclude>
    <ClInclude Include="src\Blitters\RLEBlitTransDarken.h">
      <Filter>Header Files</Filter>
    </ClInclude>
    <ClInclude Include="src\Blitters\RLEBlitTransDarkenZRead.h">
      <Filter>Header Files</Filter>
    </ClInclude>
    <ClInclude Include="src\Blitters\RLEBlitTransDarkenZReadWrite.h">
      <Filter>Header Files</Filter>
    </ClInclude>
    <ClInclude Include="src\Blitters\RLEBlitTransLucent25.h">
      <Filter>Header Files</Filter>
    </ClInclude>
    <ClInclude Include="src\Blitters\RLEBlitTransLucent25Alpha.h">
      <Filter>Header Files</Filter>
    </ClInclude>
    <ClInclude Include="src\Blitters\RLEBlitTransLucent25AlphaZRead.h">
      <Filter>Header Files</Filter>
    </ClInclude>
    <ClInclude Include="src\Blitters\RLEBlitTransLucent25AlphaZReadWarp.h">
      <Filter>Header Files</Filter>
    </ClInclude>
    <ClInclude Include="src\Blitters\RLEBlitTransLucent25AlphaZReadWrite.h">
      <Filter>Header Files</Filter>
    </ClInclude>
    <ClInclude Include="src\Blitters\RLEBlitTransLucent25ZRead.h">
      <Filter>Header Files</Filter>
    </ClInclude>
    <ClInclude Include="src\Blitters\RLEBlitTransLucent25ZReadWarp.h">
      <Filter>Header Files</Filter>
    </ClInclude>
    <ClInclude Include="src\Blitters\RLEBlitTransLucent25ZReadWrite.h">
      <Filter>Header Files</Filter>
    </ClInclude>
    <ClInclude Include="src\Blitters\RLEBlitTransLucent50.h">
      <Filter>Header Files</Filter>
    </ClInclude>
    <ClInclude Include="src\Blitters\RLEBlitTransLucent50Alpha.h">
      <Filter>Header Files</Filter>
    </ClInclude>
    <ClInclude Include="src\Blitters\RLEBlitTransLucent50AlphaZRead.h">
      <Filter>Header Files</Filter>
    </ClInclude>
    <ClInclude Include="src\Blitters\RLEBlitTransLucent50AlphaZReadWarp.h">
      <Filter>Header Files</Filter>
    </ClInclude>
    <ClInclude Include="src\Blitters\RLEBlitTransLucent50AlphaZReadWrite.h">
      <Filter>Header Files</Filter>
    </ClInclude>
    <ClInclude Include="src\Blitters\RLEBlitTransLucent50ZRead.h">
      <Filter>Header Files</Filter>
    </ClInclude>
    <ClInclude Include="src\Blitters\RLEBlitTransLucent50ZReadWarp.h">
      <Filter>Header Files</Filter>
    </ClInclude>
    <ClInclude Include="src\Blitters\RLEBlitTransLucent50ZReadWrite.h">
      <Filter>Header Files</Filter>
    </ClInclude>
    <ClInclude Include="src\Blitters\RLEBlitTransLucent75.h">
      <Filter>Header Files</Filter>
    </ClInclude>
    <ClInclude Include="src\Blitters\RLEBlitTransLucent75Alpha.h">
      <Filter>Header Files</Filter>
    </ClInclude>
    <ClInclude Include="src\Blitters\RLEBlitTransLucent75AlphaZRead.h">
      <Filter>Header Files</Filter>
    </ClInclude>
    <ClInclude Include="src\Blitters\RLEBlitTransLucent75AlphaZReadWarp.h">
      <Filter>Header Files</Filter>
    </ClInclude>
    <ClInclude Include="src\Blitters\RLEBlitTransLucent75AlphaZReadWrite.h">
      <Filter>Header Files</Filter>
    </ClInclude>
    <ClInclude Include="src\Blitters\RLEBlitTransLucent75ZRead.h">
      <Filter>Header Files</Filter>
    </ClInclude>
    <ClInclude Include="src\Blitters\RLEBlitTransLucent75ZReadWarp.h">
      <Filter>Header Files</Filter>
    </ClInclude>
    <ClInclude Include="src\Blitters\RLEBlitTransLucent75ZReadWrite.h">
      <Filter>Header Files</Filter>
    </ClInclude>
    <ClInclude Include="src\Blitters\RLEBlitTransRemapDest.h">
      <Filter>Header Files</Filter>
    </ClInclude>
    <ClInclude Include="src\Blitters\RLEBlitTransRemapDestZRead.h">
      <Filter>Header Files</Filter>
    </ClInclude>
    <ClInclude Include="src\Blitters\RLEBlitTransRemapDestZReadWrite.h">
      <Filter>Header Files</Filter>
    </ClInclude>
    <ClInclude Include="src\Blitters\RLEBlitTransRemapXlat.h">
      <Filter>Header Files</Filter>
    </ClInclude>
    <ClInclude Include="src\Blitters\RLEBlitTransRemapXlatZRead.h">
      <Filter>Header Files</Filter>
    </ClInclude>
    <ClInclude Include="src\Blitters\RLEBlitTransRemapXlatZReadWrite.h">
      <Filter>Header Files</Filter>
    </ClInclude>
    <ClInclude Include="src\Blitters\RLEBlitTransXlat.h">
      <Filter>Header Files</Filter>
    </ClInclude>
    <ClInclude Include="src\Blitters\RLEBlitTransXlatAlpha.h">
      <Filter>Header Files</Filter>
    </ClInclude>
    <ClInclude Include="src\Blitters\RLEBlitTransXlatAlphaZRead.h">
      <Filter>Header Files</Filter>
    </ClInclude>
    <ClInclude Include="src\Blitters\RLEBlitTransXlatAlphaZReadWrite.h">
      <Filter>Header Files</Filter>
    </ClInclude>
    <ClInclude Include="src\Blitters\RLEBlitTransXlatZRead.h">
      <Filter>Header Files</Filter>
    </ClInclude>
    <ClInclude Include="src\Blitters\RLEBlitTransXlatZReadWrite.h">
      <Filter>Header Files</Filter>
    </ClInclude>
    <ClInclude Include="src\Blitters\RLEBlitTransZRemapXlat.h">
      <Filter>Header Files</Filter>
    </ClInclude>
    <ClInclude Include="src\Blitters\RLEBlitTransZRemapXlatAlpha.h">
      <Filter>Header Files</Filter>
    </ClInclude>
    <ClInclude Include="src\Blitters\RLEBlitTransZRemapXlatAlphaZRead.h">
      <Filter>Header Files</Filter>
    </ClInclude>
    <ClInclude Include="src\Blitters\RLEBlitTransZRemapXlatAlphaZReadWrite.h">
      <Filter>Header Files</Filter>
    </ClInclude>
    <ClInclude Include="src\Blitters\RLEBlitTransZRemapXlatZRead.h">
      <Filter>Header Files</Filter>
    </ClInclude>
    <ClInclude Include="src\Blitters\RLEBlitTransZRemapXlatZReadWrite.h">
      <Filter>Header Files</Filter>
    </ClInclude>
    <ClInclude Include="src\FileFormats\_Loader.h">
      <Filter>Header Files</Filter>
    </ClInclude>
    <ClInclude Include="src\FileFormats\HVA.h">
      <Filter>Header Files</Filter>
    </ClInclude>
    <ClInclude Include="src\FileFormats\SHP.h">
      <Filter>Header Files</Filter>
    </ClInclude>
    <ClInclude Include="src\FileFormats\VXL.h">
      <Filter>Header Files</Filter>
    </ClInclude>
    <ClInclude Include="src\Helpers\CompileTime.h">
      <Filter>Header Files</Filter>
    </ClInclude>
    <ClInclude Include="src\Helpers\ComPtr.h">
      <Filter>Header Files</Filter>
    </ClInclude>
    <ClInclude Include="src\Helpers\Concepts.h">
      <Filter>Header Files</Filter>
    </ClInclude>
    <ClInclude Include="src\Helpers\Enumerators.h">
      <Filter>Header Files</Filter>
    </ClInclude>
    <ClInclude Include="src\Helpers\EnumFlags.h">
      <Filter>Header Files</Filter>
    </ClInclude>
    <ClInclude Include="src\Helpers\IndexBitfield.h">
      <Filter>Header Files</Filter>
    </ClInclude>
    <ClInclude Include="src\Helpers\IteratorIdx.h">
      <Filter>Header Files</Filter>
    </ClInclude>
    <ClInclude Include="src\Helpers\Iterators.h">
      <Filter>Header Files</Filter>
    </ClInclude>
    <ClInclude Include="src\Helpers\String.h">
      <Filter>Header Files</Filter>
    </ClInclude>
    <ClInclude Include="src\Helpers\VTable.h">
      <Filter>Header Files</Filter>
    </ClInclude>
    <ClInclude Include="src\Interface\IAIHouse.h">
      <Filter>Header Files</Filter>
    </ClInclude>
    <ClInclude Include="src\Interface\IApplication.h">
      <Filter>Header Files</Filter>
    </ClInclude>
    <ClInclude Include="src\Interface\IBlockCipher.h">
      <Filter>Header Files</Filter>
    </ClInclude>
    <ClInclude Include="src\Interface\IDontKnow.h">
      <Filter>Header Files</Filter>
    </ClInclude>
    <ClInclude Include="src\Interface\IFlyControl.h">
      <Filter>Header Files</Filter>
    </ClInclude>
    <ClInclude Include="src\Interface\IGameMap.h">
      <Filter>Header Files</Filter>
    </ClInclude>
    <ClInclude Include="src\Interface\IHouse.h">
      <Filter>Header Files</Filter>
    </ClInclude>
    <ClInclude Include="src\Interface\ILinkStream.h">
      <Filter>Header Files</Filter>
    </ClInclude>
    <ClInclude Include="src\Interface\ILocomotion.h">
      <Filter>Header Files</Filter>
    </ClInclude>
    <ClInclude Include="src\Interface\IPiggyback.h">
      <Filter>Header Files</Filter>
    </ClInclude>
    <ClInclude Include="src\Interface\IPowerEvents.h">
      <Filter>Header Files</Filter>
    </ClInclude>
    <ClInclude Include="src\Interface\IPublicHouse.h">
      <Filter>Header Files</Filter>
    </ClInclude>
    <ClInclude Include="src\Interface\IRTTITypeInfo.h">
      <Filter>Header Files</Filter>
    </ClInclude>
    <ClInclude Include="src\Interface\ISwizzle.h">
      <Filter>Header Files</Filter>
    </ClInclude>
    <ClInclude Include="src\Locomotor\Cast.h">
      <Filter>Header Files</Filter>
    </ClInclude>
    <ClInclude Include="src\Locomotor\CLSIDs.h">
      <Filter>Header Files</Filter>
    </ClInclude>
    <ClInclude Include="src\Locomotor\DriveLocomotionClass.h">
      <Filter>Header Files</Filter>
    </ClInclude>
    <ClInclude Include="src\Locomotor\DropPodLocomotionClass.h">
      <Filter>Header Files</Filter>
    </ClInclude>
    <ClInclude Include="src\Locomotor\FlyLocomotionClass.h">
      <Filter>Header Files</Filter>
    </ClInclude>
    <ClInclude Include="src\Locomotor\HoverLocomotionClass.h">
      <Filter>Header Files</Filter>
    </ClInclude>
    <ClInclude Include="src\Locomotor\JumpjetLocomotionClass.h">
      <Filter>Header Files</Filter>
    </ClInclude>
    <ClInclude Include="src\Locomotor\LocomotionClass.h">
      <Filter>Header Files</Filter>
    </ClInclude>
    <ClInclude Include="src\Locomotor\MechLocomotionClass.h">
      <Filter>Header Files</Filter>
    </ClInclude>
    <ClInclude Include="src\Locomotor\RocketLocomotionClass.h">
      <Filter>Header Files</Filter>
    </ClInclude>
    <ClInclude Include="src\Locomotor\ShipLocomotionClass.h">
      <Filter>Header Files</Filter>
    </ClInclude>
    <ClInclude Include="src\Locomotor\TeleportLocomotionClass.h">
      <Filter>Header Files</Filter>
    </ClInclude>
    <ClInclude Include="src\Locomotor\TunnelLocomotionClass.h">
      <Filter>Header Files</Filter>
    </ClInclude>
    <ClInclude Include="src\Locomotor\WalkLocomotionClass.h">
      <Filter>Header Files</Filter>
    </ClInclude>
    <ClInclude Include="src\AbstractClass.h">
      <Filter>Header Files</Filter>
    </ClInclude>
    <ClInclude Include="src\AbstractTypeClass.h">
      <Filter>Header Files</Filter>
    </ClInclude>
    <ClInclude Include="src\AircraftClass.h">
      <Filter>Header Files</Filter>
    </ClInclude>
    <ClInclude Include="src\AircraftTrackerClass.h">
      <Filter>Header Files</Filter>
    </ClInclude>
    <ClInclude Include="src\AircraftTypeClass.h">
      <Filter>Header Files</Filter>
    </ClInclude>
    <ClInclude Include="src\AirstrikeClass.h">
      <Filter>Header Files</Filter>
    </ClInclude>
    <ClInclude Include="src\AITrigger.h">
      <Filter>Header Files</Filter>
    </ClInclude>
    <ClInclude Include="src\AITriggerTypeClass.h">
      <Filter>Header Files</Filter>
    </ClInclude>
    <ClInclude Include="src\AlphaLightingRemapClass.h">
      <Filter>Header Files</Filter>
    </ClInclude>
    <ClInclude Include="src\AlphaShapeClass.h">
      <Filter>Header Files</Filter>
    </ClInclude>
    <ClInclude Include="src\AnimClass.h">
      <Filter>Header Files</Filter>
    </ClInclude>
    <ClInclude Include="src\AnimTypeClass.h">
      <Filter>Header Files</Filter>
    </ClInclude>
    <ClInclude Include="src\ArrayClasses.h">
      <Filter>Header Files</Filter>
    </ClInclude>
    <ClInclude Include="src\Audio.h">
      <Filter>Header Files</Filter>
    </ClInclude>
    <ClInclude Include="src\BasicStructures.h">
      <Filter>Header Files</Filter>
    </ClInclude>
    <ClInclude Include="src\BitFont.h">
      <Filter>Header Files</Filter>
    </ClInclude>
    <ClInclude Include="src\BitText.h">
      <Filter>Header Files</Filter>
    </ClInclude>
    <ClInclude Include="src\BombClass.h">
      <Filter>Header Files</Filter>
    </ClInclude>
    <ClInclude Include="src\BombListClass.h">
      <Filter>Header Files</Filter>
    </ClInclude>
    <ClInclude Include="src\BounceClass.h">
      <Filter>Header Files</Filter>
    </ClInclude>
    <ClInclude Include="src\BuildingClass.h">
      <Filter>Header Files</Filter>
    </ClInclude>
    <ClInclude Include="src\BuildingLightClass.h">
      <Filter>Header Files</Filter>
    </ClInclude>
    <ClInclude Include="src\BuildingTypeClass.h">
      <Filter>Header Files</Filter>
    </ClInclude>
    <ClInclude Include="src\BulletClass.h">
      <Filter>Header Files</Filter>
    </ClInclude>
    <ClInclude Include="src\BulletTypeClass.h">
      <Filter>Header Files</Filter>
    </ClInclude>
    <ClInclude Include="src\CampaignClass.h">
      <Filter>Header Files</Filter>
    </ClInclude>
    <ClInclude Include="src\CaptureManagerClass.h">
      <Filter>Header Files</Filter>
    </ClInclude>
    <ClInclude Include="src\CCFileClass.h">
      <Filter>Header Files</Filter>
    </ClInclude>
    <ClInclude Include="src\CCINIClass.h">
      <Filter>Header Files</Filter>
    </ClInclude>
    <ClInclude Include="src\CCToolTip.h">
      <Filter>Header Files</Filter>
    </ClInclude>
    <ClInclude Include="src\CD.h">
      <Filter>Header Files</Filter>
    </ClInclude>
    <ClInclude Include="src\CDTimer.h">
      <Filter>Header Files</Filter>
    </ClInclude>
    <ClInclude Include="src\CellClass.h">
      <Filter>Header Files</Filter>
    </ClInclude>
    <ClInclude Include="src\CellSpread.h">
      <Filter>Header Files</Filter>
    </ClInclude>
    <ClInclude Include="src\CellStruct.h">
      <Filter>Header Files</Filter>
    </ClInclude>
    <ClInclude Include="src\CheckListClass.h">
      <Filter>Header Files</Filter>
    </ClInclude>
    <ClInclude Include="src\ColorListClass.h">
      <Filter>Header Files</Filter>
    </ClInclude>
    <ClInclude Include="src\ColorScheme.h">
      <Filter>Header Files</Filter>
    </ClInclude>
    <ClInclude Include="src\ColorStruct.h">
      <Filter>Header Files</Filter>
    </ClInclude>
    <ClInclude Include="src\CommandClass.h">
      <Filter>Header Files</Filter>
    </ClInclude>
    <ClInclude Include="src\ConnectionPointClass.h">
      <Filter>Header Files</Filter>
    </ClInclude>
    <ClInclude Include="src\Constructable.h">
      <Filter>Header Files</Filter>
    </ClInclude>
    <ClInclude Include="src\ControlClass.h">
      <Filter>Header Files</Filter>
    </ClInclude>
    <ClInclude Include="src\Conversions.h">
      <Filter>Header Files</Filter>
    </ClInclude>
    <ClInclude Include="src\ConvertClass.h">
      <Filter>Header Files</Filter>
    </ClInclude>
    <ClInclude Include="src\CoordStruct.h">
      <Filter>Header Files</Filter>
    </ClInclude>
    <ClInclude Include="src\Coroutine.h">
      <Filter>Header Files</Filter>
    </ClInclude>
    <ClInclude Include="src\CRC.h">
      <Filter>Header Files</Filter>
    </ClInclude>
    <ClInclude Include="src\CreditClass.h">
      <Filter>Header Files</Filter>
    </ClInclude>
    <ClInclude Include="src\CriticalSection.h">
      <Filter>Header Files</Filter>
    </ClInclude>
    <ClInclude Include="src\CRT.h">
      <Filter>Header Files</Filter>
    </ClInclude>
    <ClInclude Include="src\CStreamClass.h">
      <Filter>Header Files</Filter>
    </ClInclude>
    <ClInclude Include="src\DebugLog.h">
      <Filter>Header Files</Filter>
    </ClInclude>
    <ClInclude Include="src\Dimensions.h">
      <Filter>Header Files</Filter>
    </ClInclude>
    <ClInclude Include="src\DirStruct.h">
      <Filter>Header Files</Filter>
    </ClInclude>
    <ClInclude Include="src\DiscreteDistributionClass.h">
      <Filter>Header Files</Filter>
    </ClInclude>
    <ClInclude Include="src\DiscreteSelectionClass.h">
      <Filter>Header Files</Filter>
    </ClInclude>
    <ClInclude Include="src\DiskLaserClass.h">
      <Filter>Header Files</Filter>
    </ClInclude>
    <ClInclude Include="src\DisplayClass.h">
      <Filter>Header Files</Filter>
    </ClInclude>
    <ClInclude Include="src\DoorClass.h">
      <Filter>Header Files</Filter>
    </ClInclude>
    <ClInclude Include="src\Drawing.h">
      <Filter>Header Files</Filter>
    </ClInclude>
    <ClInclude Include="src\DropListClass.h">
      <Filter>Header Files</Filter>
    </ClInclude>
    <ClInclude Include="src\EBolt.h">
      <Filter>Header Files</Filter>
    </ClInclude>
    <ClInclude Include="src\EditClass.h">
      <Filter>Header Files</Filter>
    </ClInclude>
    <ClInclude Include="src\EMPulseClass.h">
      <Filter>Header Files</Filter>
    </ClInclude>
    <ClInclude Include="src\EvadeClass.h">
      <Filter>Header Files</Filter>
    </ClInclude>
    <ClInclude Include="src\EventArgs.h">
      <Filter>Header Files</Filter>
    </ClInclude>
    <ClInclude Include="src\EventClass.h">
      <Filter>Header Files</Filter>
    </ClInclude>
    <ClInclude Include="src\Exit.h">
      <Filter>Header Files</Filter>
    </ClInclude>
    <ClInclude Include="src\FacingClass.h">
      <Filter>Header Files</Filter>
    </ClInclude>
    <ClInclude Include="src\FactoryClass.h">
      <Filter>Header Files</Filter>
    </ClInclude>
    <ClInclude Include="src\FileSystem.h">
      <Filter>Header Files</Filter>
    </ClInclude>
    <ClInclude Include="src\FireAtContainer.h">
      <Filter>Header Files</Filter>
    </ClInclude>
    <ClInclude Include="src\Fixed.h">
      <Filter>Header Files</Filter>
    </ClInclude>
    <ClInclude Include="src\FoggedObjectClass.h">
      <Filter>Header Files</Filter>
    </ClInclude>
    <ClInclude Include="src\FootClass.h">
      <Filter>Header Files</Filter>
    </ClInclude>
    <ClInclude Include="src\FPSCounter.h">
      <Filter>Header Files</Filter>
    </ClInclude>
    <ClInclude Include="src\Fundamentals.h">
      <Filter>Header Files</Filter>
    </ClInclude>
    <ClInclude Include="src\GadgetClass.h">
      <Filter>Header Files</Filter>
    </ClInclude>
    <ClInclude Include="src\GameClasses.h">
      <Filter>Header Files</Filter>
    </ClInclude>
    <ClInclude Include="src\GameModeOptionsClass.h">
      <Filter>Header Files</Filter>
    </ClInclude>
    <ClInclude Include="src\GameOptionsClass.h">
      <Filter>Header Files</Filter>
    </ClInclude>
    <ClInclude Include="src\GameStrings.h">
      <Filter>Header Files</Filter>
    </ClInclude>
    <ClInclude Include="src\GaugeClass.h">
      <Filter>Header Files</Filter>
    </ClInclude>
    <ClInclude Include="src\GeneralDefinitions.h">
      <Filter>Header Files</Filter>
    </ClInclude>
    <ClInclude Include="src\GeneralStructures.h">
      <Filter>Header Files</Filter>
    </ClInclude>
    <ClInclude Include="src\GenericList.h">
      <Filter>Header Files</Filter>
    </ClInclude>
    <ClInclude Include="src\GetCDClass.h">
      <Filter>Header Files</Filter>
    </ClInclude>
    <ClInclude Include="src\GScreenClass.h">
      <Filter>Header Files</Filter>
    </ClInclude>
    <ClInclude Include="src\HashTable.h">
      <Filter>Header Files</Filter>
    </ClInclude>
    <ClInclude Include="src\HouseClass.h">
      <Filter>Header Files</Filter>
    </ClInclude>
    <ClInclude Include="src\HouseTypeClass.h">
      <Filter>Header Files</Filter>
    </ClInclude>
    <ClInclude Include="src\IndexClass.h">
      <Filter>Header Files</Filter>
    </ClInclude>
    <ClInclude Include="src\InfantryClass.h">
      <Filter>Header Files</Filter>
    </ClInclude>
    <ClInclude Include="src\InfantryTypeClass.h">
      <Filter>Header Files</Filter>
    </ClInclude>
    <ClInclude Include="src\Ion.h">
      <Filter>Header Files</Filter>
    </ClInclude>
    <ClInclude Include="src\IonBlastClass.h">
      <Filter>Header Files</Filter>
    </ClInclude>
    <ClInclude Include="src\IPXManagerClass.h">
      <Filter>Header Files</Filter>
    </ClInclude>
    <ClInclude Include="src\IsometricTileClass.h">
      <Filter>Header Files</Filter>
    </ClInclude>
    <ClInclude Include="src\IsometricTileTypeClass.h">
      <Filter>Header Files</Filter>
    </ClInclude>
    <ClInclude Include="src\Kamikaze.h">
      <Filter>Header Files</Filter>
    </ClInclude>
    <ClInclude Include="src\LaserDrawClass.h">
      <Filter>Header Files</Filter>
    </ClInclude>
    <ClInclude Include="src\Leptons.h">
      <Filter>Header Files</Filter>
    </ClInclude>
    <ClInclude Include="src\LightSourceClass.h">
      <Filter>Header Files</Filter>
    </ClInclude>
    <ClInclude Include="src\LineTrail.h">
      <Filter>Header Files</Filter>
    </ClInclude>
    <ClInclude Include="src\LinkClass.h">
      <Filter>Header Files</Filter>
    </ClInclude>
    <ClInclude Include="src\ListClass.h">
      <Filter>Header Files</Filter>
    </ClInclude>
    <ClInclude Include="src\LoadOptionsClass.h">
      <Filter>Header Files</Filter>
    </ClInclude>
    <ClInclude Include="src\LoadProgressManager.h">
      <Filter>Header Files</Filter>
    </ClInclude>
    <ClInclude Include="src\MapClass.h">
      <Filter>Header Files</Filter>
    </ClInclude>
    <ClInclude Include="src\MapSeedClass.h">
      <Filter>Header Files</Filter>
    </ClInclude>
    <ClInclude Include="src\Matrix3D.h">
      <Filter>Header Files</Filter>
    </ClInclude>
    <ClInclude Include="src\Memory.h">
      <Filter>Header Files</Filter>
    </ClInclude>
    <ClInclude Include="src\MessageBox.h">
      <Filter>Header Files</Filter>
    </ClInclude>
    <ClInclude Include="src\MessageListClass.h">
      <Filter>Header Files</Filter>
    </ClInclude>
    <ClInclude Include="src\MissionClass.h">
      <Filter>Header Files</Filter>
    </ClInclude>
    <ClInclude Include="src\MixFileClass.h">
      <Filter>Header Files</Filter>
    </ClInclude>
    <ClInclude Include="src\MouseClass.h">
      <Filter>Header Files</Filter>
    </ClInclude>
    <ClInclude Include="src\MPGameModeClass.h">
      <Filter>Header Files</Filter>
    </ClInclude>
    <ClInclude Include="src\MPTeams.h">
      <Filter>Header Files</Filter>
    </ClInclude>
    <ClInclude Include="src\NeuronClass.h">
      <Filter>Header Files</Filter>
    </ClInclude>
    <ClInclude Include="src\Notifications.h">
      <Filter>Header Files</Filter>
    </ClInclude>
    <ClInclude Include="src\ObjectClass.h">
      <Filter>Header Files</Filter>
    </ClInclude>
    <ClInclude Include="src\ObjectTypeClass.h">
      <Filter>Header Files</Filter>
    </ClInclude>
    <ClInclude Include="src\OverlayClass.h">
      <Filter>Header Files</Filter>
    </ClInclude>
    <ClInclude Include="src\OverlayTypeClass.h">
      <Filter>Header Files</Filter>
    </ClInclude>
    <ClInclude Include="src\PacketClass.h">
      <Filter>Header Files</Filter>
    </ClInclude>
    <ClInclude Include="src\ParasiteClass.h">
      <Filter>Header Files</Filter>
    </ClInclude>
    <ClInclude Include="src\ParticleClass.h">
      <Filter>Header Files</Filter>
    </ClInclude>
    <ClInclude Include="src\ParticleSystemClass.h">
      <Filter>Header Files</Filter>
    </ClInclude>
    <ClInclude Include="src\ParticleSystemTypeClass.h">
      <Filter>Header Files</Filter>
    </ClInclude>
    <ClInclude Include="src\ParticleTypeClass.h">
      <Filter>Header Files</Filter>
    </ClInclude>
    <ClInclude Include="src\PCX.h">
      <Filter>Header Files</Filter>
    </ClInclude>
    <ClInclude Include="src\Pipes.h">
      <Filter>Header Files</Filter>
    </ClInclude>
    <ClInclude Include="src\PKey.h">
      <Filter>Header Files</Filter>
    </ClInclude>
    <ClInclude Include="src\PlanningTokenClass.h">
      <Filter>Header Files</Filter>
    </ClInclude>
    <ClInclude Include="src\Point2D.h">
      <Filter>Header Files</Filter>
    </ClInclude>
    <ClInclude Include="src\Point2DByte.h">
      <Filter>Header Files</Filter>
    </ClInclude>
    <ClInclude Include="src\Point3D.h">
      <Filter>Header Files</Filter>
    </ClInclude>
    <ClInclude Include="src\PowerClass.h">
      <Filter>Header Files</Filter>
    </ClInclude>
    <ClInclude Include="src\Powerups.h">
      <Filter>Header Files</Filter>
    </ClInclude>
    <ClInclude Include="src\PreviewClass.h">
      <Filter>Header Files</Filter>
    </ClInclude>
    <ClInclude Include="src\PriorityQueueClass.h">
      <Filter>Header Files</Filter>
    </ClInclude>
    <ClInclude Include="src\ProgressScreenClass.h">
      <Filter>Header Files</Filter>
    </ClInclude>
    <ClInclude Include="src\ProgressTimer.h">
      <Filter>Header Files</Filter>
    </ClInclude>
    <ClInclude Include="src\Quaternion.h">
      <Filter>Header Files</Filter>
    </ClInclude>
    <ClInclude Include="src\QueueClass.h">
      <Filter>Header Files</Filter>
    </ClInclude>
    <ClInclude Include="src\RadarClass.h">
      <Filter>Header Files</Filter>
    </ClInclude>
    <ClInclude Include="src\RadarEventClass.h">
      <Filter>Header Files</Filter>
    </ClInclude>
    <ClInclude Include="src\RadBeam.h">
      <Filter>Header Files</Filter>
    </ClInclude>
    <ClInclude Include="src\RadioClass.h">
      <Filter>Header Files</Filter>
    </ClInclude>
    <ClInclude Include="src\RadSiteClass.h">
      <Filter>Header Files</Filter>
    </ClInclude>
    <ClInclude Include="src\Randomizer.h">
      <Filter>Header Files</Filter>
    </ClInclude>
    <ClInclude Include="src\RectangleStruct.h">
      <Filter>Header Files</Filter>
    </ClInclude>
    <ClInclude Include="src\RLEClass.h">
      <Filter>Header Files</Filter>
    </ClInclude>
    <ClInclude Include="src\RocketStruct.h">
      <Filter>Header Files</Filter>
    </ClInclude>
    <ClInclude Include="src\RulesClass.h">
      <Filter>Header Files</Filter>
    </ClInclude>
    <ClInclude Include="src\ScenarioClass.h">
      <Filter>Header Files</Filter>
    </ClInclude>
    <ClInclude Include="src\ScriptActionNode.h">
      <Filter>Header Files</Filter>
    </ClInclude>
    <ClInclude Include="src\ScriptClass.h">
      <Filter>Header Files</Filter>
    </ClInclude>
    <ClInclude Include="src\ScriptTypeClass.h">
      <Filter>Header Files</Filter>
    </ClInclude>
    <ClInclude Include="src\SessionClass.h">
      <Filter>Header Files</Filter>
    </ClInclude>
    <ClInclude Include="src\ShapeButtonClass.h">
      <Filter>Header Files</Filter>
    </ClInclude>
    <ClInclude Include="src\SidebarClass.h">
      <Filter>Header Files</Filter>
    </ClInclude>
    <ClInclude Include="src\SideClass.h">
      <Filter>Header Files</Filter>
    </ClInclude>
    <ClInclude Include="src\SlaveManagerClass.h">
      <Filter>Header Files</Filter>
    </ClInclude>
    <ClInclude Include="src\SliderClass.h">
      <Filter>Header Files</Filter>
    </ClInclude>
    <ClInclude Include="src\SmudgeClass.h">
      <Filter>Header Files</Filter>
    </ClInclude>
    <ClInclude Include="src\SmudgeTypeClass.h">
      <Filter>Header Files</Filter>
    </ClInclude>
    <ClInclude Include="src\SpawnManagerClass.h">
      <Filter>Header Files</Filter>
    </ClInclude>
    <ClInclude Include="src\SpecificStructures.h">
      <Filter>Header Files</Filter>
    </ClInclude>
    <ClInclude Include="src\SpotlightClass.h">
      <Filter>Header Files</Filter>
    </ClInclude>
    <ClInclude Include="src\Straws.h">
      <Filter>Header Files</Filter>
    </ClInclude>
    <ClInclude Include="src\StringTable.h">
      <Filter>Header Files</Filter>
    </ClInclude>
    <ClInclude Include="src\SuperClass.h">
      <Filter>Header Files</Filter>
    </ClInclude>
    <ClInclude Include="src\SuperWeaponTypeClass.h">
      <Filter>Header Files</Filter>
    </ClInclude>
    <ClInclude Include="src\Surface.h">
      <Filter>Header Files</Filter>
    </ClInclude>
    <ClInclude Include="src\SwizzleManagerClass.h">
      <Filter>Header Files</Filter>
    </ClInclude>
    <ClInclude Include="src\SWRange.h">
      <Filter>Header Files</Filter>
    </ClInclude>
    <ClInclude Include="src\Syringe.h">
      <Filter>Header Files</Filter>
    </ClInclude>
    <ClInclude Include="src\TacticalClass.h">
      <Filter>Header Files</Filter>
    </ClInclude>
    <ClInclude Include="src\TActionClass.h">
      <Filter>Header Files</Filter>
    </ClInclude>
    <ClInclude Include="src\TagClass.h">
      <Filter>Header Files</Filter>
    </ClInclude>
    <ClInclude Include="src\TagTypeClass.h">
      <Filter>Header Files</Filter>
    </ClInclude>
    <ClInclude Include="src\TargetClass.h">
      <Filter>Header Files</Filter>
    </ClInclude>
    <ClInclude Include="src\TaskForceClass.h">
      <Filter>Header Files</Filter>
    </ClInclude>
    <ClInclude Include="src\TClassFactory.h">
      <Filter>Header Files</Filter>
    </ClInclude>
    <ClInclude Include="src\TeamClass.h">
      <Filter>Header Files</Filter>
    </ClInclude>
    <ClInclude Include="src\TeamTypeClass.h">
      <Filter>Header Files</Filter>
    </ClInclude>
    <ClInclude Include="src\TechnoClass.h">
      <Filter>Header Files</Filter>
    </ClInclude>
    <ClInclude Include="src\TechnoTypeClass.h">
      <Filter>Header Files</Filter>
    </ClInclude>
    <ClInclude Include="src\TemporalClass.h">
      <Filter>Header Files</Filter>
    </ClInclude>
    <ClInclude Include="src\TerrainClass.h">
      <Filter>Header Files</Filter>
    </ClInclude>
    <ClInclude Include="src\TerrainTypeClass.h">
      <Filter>Header Files</Filter>
    </ClInclude>
    <ClInclude Include="src\TEventClass.h">
      <Filter>Header Files</Filter>
    </ClInclude>
    <ClInclude Include="src\Theater.h">
      <Filter>Header Files</Filter>
    </ClInclude>
    <ClInclude Include="src\ThemeClass.h">
      <Filter>Header Files</Filter>
    </ClInclude>
    <ClInclude Include="src\TiberiumClass.h">
      <Filter>Header Files</Filter>
    </ClInclude>
    <ClInclude Include="src\Timers.h">
      <Filter>Header Files</Filter>
    </ClInclude>
    <ClInclude Include="src\ToggleClass.h">
      <Filter>Header Files</Filter>
    </ClInclude>
    <ClInclude Include="src\ToolTipManager.h">
      <Filter>Header Files</Filter>
    </ClInclude>
    <ClInclude Include="src\TransitionTimer.h">
      <Filter>Header Files</Filter>
    </ClInclude>
    <ClInclude Include="src\TranslateFixedPoints.h">
      <Filter>Header Files</Filter>
    </ClInclude>
    <ClInclude Include="src\TRect.h">
      <Filter>Header Files</Filter>
    </ClInclude>
    <ClInclude Include="src\TriColorGaugeClass.h">
      <Filter>Header Files</Filter>
    </ClInclude>
    <ClInclude Include="src\TriggerClass.h">
      <Filter>Header Files</Filter>
    </ClInclude>
    <ClInclude Include="src\TriggerTypeClass.h">
      <Filter>Header Files</Filter>
    </ClInclude>
    <ClInclude Include="src\TubeClass.h">
      <Filter>Header Files</Filter>
    </ClInclude>
    <ClInclude Include="src\UDPInterfaceClass.h">
      <Filter>Header Files</Filter>
    </ClInclude>
    <ClInclude Include="src\UI.h">
      <Filter>Header Files</Filter>
    </ClInclude>
    <ClInclude Include="src\UnitClass.h">
      <Filter>Header Files</Filter>
    </ClInclude>
    <ClInclude Include="src\UnitTypeClass.h">
      <Filter>Header Files</Filter>
    </ClInclude>
    <ClInclude Include="src\Unsorted.h">
      <Filter>Header Files</Filter>
    </ClInclude>
    <ClInclude Include="src\VeinholeMonsterClass.h">
      <Filter>Header Files</Filter>
    </ClInclude>
    <ClInclude Include="src\VelocityClass.h">
      <Filter>Header Files</Filter>
    </ClInclude>
    <ClInclude Include="src\VocClass.h">
      <Filter>Header Files</Filter>
    </ClInclude>
    <ClInclude Include="src\VoxClass.h">
      <Filter>Header Files</Filter>
    </ClInclude>
    <ClInclude Include="src\VoxelAnimClass.h">
      <Filter>Header Files</Filter>
    </ClInclude>
    <ClInclude Include="src\VoxelAnimTypeClass.h">
      <Filter>Header Files</Filter>
    </ClInclude>
    <ClInclude Include="src\VoxelIndex.h">
      <Filter>Header Files</Filter>
    </ClInclude>
    <ClInclude Include="src\WarheadFlags.h">
      <Filter>Header Files</Filter>
    </ClInclude>
    <ClInclude Include="src\WarheadTypeClass.h">
      <Filter>Header Files</Filter>
    </ClInclude>
    <ClInclude Include="src\WaveClass.h">
      <Filter>Header Files</Filter>
    </ClInclude>
    <ClInclude Include="src\WaypointPathClass.h">
      <Filter>Header Files</Filter>
    </ClInclude>
    <ClInclude Include="src\WeaponTypeClass.h">
      <Filter>Header Files</Filter>
    </ClInclude>
    <ClInclude Include="src\WinsockInterfaceClass.h">
      <Filter>Header Files</Filter>
    </ClInclude>
    <ClInclude Include="src\WOLAPIInterfaces.h">
      <Filter>Header Files</Filter>
    </ClInclude>
    <ClInclude Include="src\Wstring.h">
      <Filter>Header Files</Filter>
    </ClInclude>
    <ClInclude Include="src\WWKeyboardClass.h">
      <Filter>Header Files</Filter>
    </ClInclude>
    <ClInclude Include="src\WWMessageBox.h">
      <Filter>Header Files</Filter>
    </ClInclude>
    <ClInclude Include="src\WWMouseClass.h">
      <Filter>Header Files</Filter>
    </ClInclude>
    <ClInclude Include="src\YRAllocator.h">
      <Filter>Header Files</Filter>
    </ClInclude>
    <ClInclude Include="src\YRCom.h">
      <Filter>Header Files</Filter>
    </ClInclude>
    <ClInclude Include="src\YRMath.h">
      <Filter>Header Files</Filter>
    </ClInclude>
    <ClInclude Include="src\YRMathVector.h">
      <Filter>Header Files</Filter>
    </ClInclude>
    <ClInclude Include="src\YRPP.h">
      <Filter>Header Files</Filter>
    </ClInclude>
    <ClInclude Include="src\YRPPCore.h">
      <Filter>Header Files</Filter>
    </ClInclude>
  </ItemGroup>
  <ItemGroup>
    <None Include="src\.gitignore" />
  </ItemGroup>
</Project>